{
  "object": {
    "pins": [
      {
        "package": "Commandant",
        "repositoryURL": "https://github.com/Carthage/Commandant.git",
        "state": {
          "branch": null,
          "revision": "ab68611013dec67413628ac87c1f29e8427bc8e4",
          "version": "0.17.0"
        }
      },
      {
        "package": "Files",
        "repositoryURL": "https://github.com/JohnSundell/Files.git",
        "state": {
          "branch": null,
          "revision": "a84615f4558151fab52ac38df697ce2442991f93",
          "version": "2.3.0"
        }
      },
      {
        "package": "Komondor",
        "repositoryURL": "https://github.com/orta/Komondor",
        "state": {
          "branch": null,
          "revision": "855c74f395a4dc9e02828f58d931be6920bcbf6f",
          "version": "1.0.6"
        }
      },
      {
        "package": "Logger",
        "repositoryURL": "https://github.com/shibapm/Logger",
        "state": {
          "branch": null,
          "revision": "53c3ecca5abe8cf46697e33901ee774236d94cce",
          "version": "0.2.3"
        }
      },
      {
        "package": "Marathon",
        "repositoryURL": "https://github.com/JohnSundell/Marathon",
        "state": {
          "branch": null,
          "revision": "35b672e05ac411fb104e462fbfd6541f995abc17",
          "version": "3.3.0"
        }
      },
      {
        "package": "Nimble",
        "repositoryURL": "https://github.com/Quick/Nimble.git",
        "state": {
          "branch": null,
          "revision": "7a46a5fc86cb917f69e3daf79fcb045283d8f008",
          "version": "8.1.2"
        }
      },
      {
        "package": "OctoKit",
        "repositoryURL": "https://github.com/nerdishbynature/octokit.swift",
        "state": {
          "branch": null,
          "revision": "c391cfba4d33f3f4c7d7d8fa6708970f7d30af82",
          "version": "0.10.1"
        }
      },
      {
        "package": "PackageConfig",
        "repositoryURL": "https://github.com/shibapm/PackageConfig.git",
        "state": {
          "branch": null,
          "revision": "bf90dc69fa0792894b08a0b74cf34029694ae486",
          "version": "0.13.0"
        }
      },
      {
        "package": "Quick",
        "repositoryURL": "https://github.com/Quick/Quick.git",
        "state": {
          "branch": null,
          "revision": "09b3becb37cb2163919a3842a4c5fa6ec7130792",
          "version": "2.2.1"
        }
      },
      {
        "package": "Releases",
        "repositoryURL": "https://github.com/JohnSundell/Releases.git",
        "state": {
          "branch": null,
          "revision": "ea62f33a429185b0ed21344c2355862c5bc4fcce",
          "version": "4.0.0"
        }
      },
      {
        "package": "RequestKit",
        "repositoryURL": "https://github.com/nerdishbynature/RequestKit.git",
        "state": {
          "branch": null,
          "revision": "fd5e9e99aada7432170366c9e95967011ce13bad",
          "version": "2.4.0"
        }
      },
      {
        "package": "Require",
        "repositoryURL": "https://github.com/JohnSundell/Require.git",
        "state": {
          "branch": null,
          "revision": "7cfbd0d8a2dede0e01f6f0d8ab2c7acef1df112e",
          "version": "2.0.1"
        }
      },
      {
        "package": "ShellOut",
        "repositoryURL": "https://github.com/JohnSundell/ShellOut.git",
        "state": {
          "branch": null,
          "revision": "e1577acf2b6e90086d01a6d5e2b8efdaae033568",
          "version": "2.3.0"
        }
      },
      {
        "package": "SourceKitten",
        "repositoryURL": "https://github.com/jpsim/SourceKitten.git",
        "state": {
          "branch": null,
          "revision": "c0f960f72fa1e6151695074ffa696e4da6c45ce8",
          "version": "0.30.1"
        }
      },
      {
        "package": "danger-swift",
        "repositoryURL": "https://github.com/danger/swift.git",
        "state": {
          "branch": null,
          "revision": "33d35bf94f54155be505ffecfca745e4cc1cd0cc",
          "version": "1.6.5"
        }
      },
      {
        "package": "SwiftFormat",
        "repositoryURL": "https://github.com/nicklockwood/SwiftFormat",
        "state": {
          "branch": null,
          "revision": "d1c8a16cc21a3dfc577fe5e881509501ed22d0ce",
          "version": "0.47.11"
        }
      },
      {
        "package": "SwiftLint",
        "repositoryURL": "https://github.com/Realm/SwiftLint",
        "state": {
          "branch": null,
          "revision": "d53fc2664df92ef322bfa9ce5238d34f1461526a",
          "version": "0.42.0"
        }
      },
      {
        "package": "SwiftyTextTable",
        "repositoryURL": "https://github.com/scottrhoyt/SwiftyTextTable.git",
        "state": {
          "branch": null,
          "revision": "c6df6cf533d120716bff38f8ff9885e1ce2a4ac3",
          "version": "0.9.0"
        }
      },
      {
        "package": "SWXMLHash",
        "repositoryURL": "https://github.com/drmohundro/SWXMLHash.git",
        "state": {
          "branch": null,
          "revision": "9183170d20857753d4f331b0ca63f73c60764bf3",
          "version": "5.0.2"
        }
      },
      {
        "package": "Yams",
        "repositoryURL": "https://github.com/jpsim/Yams.git",
        "state": {
          "branch": null,
          "revision": "9003d51672e516cc59297b7e96bff1dfdedcb4ea",
          "version": "4.0.4"
        }
      }
    ]
  },
  "version": 1
}
