PODS:
  - ChameleonFramework/Default (2.1.0)
  - ChameleonFramework/Swift (2.1.0):
    - ChameleonFramework/Default
  - CollectionKit (2.2.0):
    - CollectionKit/Core (= 2.2.0)
  - CollectionKit/Core (2.2.0)

DEPENDENCIES:
  - ChameleonFramework/Swift (from `https://github.com/ViccAlexander/Chameleon.git`)
  - CollectionKit

SPEC REPOS:
  https://github.com/cocoapods/specs:
    - CollectionKit

EXTERNAL SOURCES:
  ChameleonFramework:
    :git: https://github.com/ViccAlexander/Chameleon.git

CHECKOUT OPTIONS:
  ChameleonFramework:
    :commit: 6dd284bde21ea2e7f9fd89bc36f40df16e16369d
    :git: https://github.com/ViccAlexander/Chameleon.git

SPEC CHECKSUMS:
  ChameleonFramework: d21a3cc247abfe5e37609a283a8238b03575cf64
  CollectionKit: 5caa5341860d4c9b748ebfeaab97530b2d02c7c0

PODFILE CHECKSUM: 126cdb5cfac9a9e2d2e798696131fd8758b6c34d

COCOAPODS: 1.5.3
