PODS:
  - CollectionKit (2.2.0):
    - CollectionKit/Core (= 2.2.0)
  - CollectionKit/Core (2.2.0)

DEPENDENCIES:
  - CollectionKit

SPEC REPOS:
  https://github.com/CocoaPods/Specs.git:
    - CollectionKit

SPEC CHECKSUMS:
  CollectionKit: 5caa5341860d4c9b748ebfeaab97530b2d02c7c0

PODFILE CHECKSUM: efc6b025c2cee81dcc6fa480009618ed1af56837

COCOAPODS: 1.8.4
