// !$*UTF8*$!
{
	archiveVersion = 1;
	classes = {
	};
	objectVersion = 46;
	objects = {

/* Begin PBXBuildFile section */
		83043017B73BC66DBB920D5C /* Pods_HeroExamples.framework in Frameworks */ = {isa = PBXBuildFile; fileRef = EEE340F89FF0A49DD23A5A6E /* Pods_HeroExamples.framework */; };
		A304BF841DF2717900A03345 /* ImageViewController.swift in Sources */ = {isa = PBXBuildFile; fileRef = A304BF831DF2717900A03345 /* ImageViewController.swift */; };
		A304BF8A1DF647FC00A03345 /* ImageCells.swift in Sources */ = {isa = PBXBuildFile; fileRef = A304BF891DF647FC00A03345 /* ImageCells.swift */; };
		A306D3B61E1C7A2E00B6C23A /* Hero.h in Headers */ = {isa = PBXBuildFile; fileRef = A306D3B41E1C7A2E00B6C23A /* Hero.h */; settings = {ATTRIBUTES = (Public, ); }; };
		A306D3B91E1C7A2E00B6C23A /* Hero.framework in Frameworks */ = {isa = PBXBuildFile; fileRef = A306D3B21E1C7A2E00B6C23A /* Hero.framework */; };
		A306D3BB1E1C7A2E00B6C23A /* Hero.framework in Embed Frameworks */ = {isa = PBXBuildFile; fileRef = A306D3B21E1C7A2E00B6C23A /* Hero.framework */; settings = {ATTRIBUTES = (CodeSignOnCopy, RemoveHeadersOnCopy, ); }; };
		A306D3D21E1C7A3C00B6C23A /* CALayer+Hero.swift in Sources */ = {isa = PBXBuildFile; fileRef = A306D3BF1E1C7A3C00B6C23A /* CALayer+Hero.swift */; };
		A306D3D31E1C7A3C00B6C23A /* CAMediaTimingFunction+Hero.swift in Sources */ = {isa = PBXBuildFile; fileRef = A306D3C01E1C7A3C00B6C23A /* CAMediaTimingFunction+Hero.swift */; };
		A306D3D41E1C7A3C00B6C23A /* CascadePreprocessor.swift in Sources */ = {isa = PBXBuildFile; fileRef = A306D3C11E1C7A3C00B6C23A /* CascadePreprocessor.swift */; };
		A306D3D51E1C7A3C00B6C23A /* CG+Hero.swift in Sources */ = {isa = PBXBuildFile; fileRef = A306D3C21E1C7A3C00B6C23A /* CG+Hero.swift */; };
		A306D3D61E1C7A3C00B6C23A /* IgnoreSubviewModifiersPreprocessor.swift in Sources */ = {isa = PBXBuildFile; fileRef = A306D3C31E1C7A3C00B6C23A /* IgnoreSubviewModifiersPreprocessor.swift */; };
		A306D3D71E1C7A3C00B6C23A /* DispatchQueue+Hero.swift in Sources */ = {isa = PBXBuildFile; fileRef = A306D3C41E1C7A3C00B6C23A /* DispatchQueue+Hero.swift */; };
		A306D3D81E1C7A3C00B6C23A /* Hero.swift in Sources */ = {isa = PBXBuildFile; fileRef = A306D3C51E1C7A3C00B6C23A /* Hero.swift */; };
		A306D3D91E1C7A3C00B6C23A /* HeroContext.swift in Sources */ = {isa = PBXBuildFile; fileRef = A306D3C61E1C7A3C00B6C23A /* HeroContext.swift */; };
		A306D3DA1E1C7A3C00B6C23A /* HeroDebugPlugin.swift in Sources */ = {isa = PBXBuildFile; fileRef = A306D3C71E1C7A3C00B6C23A /* HeroDebugPlugin.swift */; };
		A306D3DB1E1C7A3C00B6C23A /* HeroDebugView.swift in Sources */ = {isa = PBXBuildFile; fileRef = A306D3C81E1C7A3C00B6C23A /* HeroDebugView.swift */; };
		A306D3DC1E1C7A3C00B6C23A /* HeroDefaultAnimator.swift in Sources */ = {isa = PBXBuildFile; fileRef = A306D3C91E1C7A3C00B6C23A /* HeroDefaultAnimator.swift */; };
		A306D3DD1E1C7A3C00B6C23A /* HeroDefaultAnimatorViewContext.swift in Sources */ = {isa = PBXBuildFile; fileRef = A306D3CA1E1C7A3C00B6C23A /* HeroDefaultAnimatorViewContext.swift */; };
		A306D3DF1E1C7A3C00B6C23A /* HeroPlugin.swift in Sources */ = {isa = PBXBuildFile; fileRef = A306D3CC1E1C7A3C00B6C23A /* HeroPlugin.swift */; };
		A306D3E01E1C7A3C00B6C23A /* HeroTypes.swift in Sources */ = {isa = PBXBuildFile; fileRef = A306D3CD1E1C7A3C00B6C23A /* HeroTypes.swift */; };
		A306D3E11E1C7A3C00B6C23A /* SourcePreprocessor.swift in Sources */ = {isa = PBXBuildFile; fileRef = A306D3CE1E1C7A3C00B6C23A /* SourcePreprocessor.swift */; };
		A306D3E21E1C7A3C00B6C23A /* UIKit+Hero.swift in Sources */ = {isa = PBXBuildFile; fileRef = A306D3CF1E1C7A3C00B6C23A /* UIKit+Hero.swift */; };
		A306D3E31E1C7A3C00B6C23A /* Array+HeroModifier.swift in Sources */ = {isa = PBXBuildFile; fileRef = A306D3D01E1C7A3C00B6C23A /* Array+HeroModifier.swift */; };
		A306D3E41E1C7A3C00B6C23A /* MatchPreprocessor.swift in Sources */ = {isa = PBXBuildFile; fileRef = A306D3D11E1C7A3C00B6C23A /* MatchPreprocessor.swift */; };
		A306D3E51E1C7A5A00B6C23A /* CG+Hero.swift in Sources */ = {isa = PBXBuildFile; fileRef = A306D3C21E1C7A3C00B6C23A /* CG+Hero.swift */; };
		A306D3E71E1C7A6E00B6C23A /* DispatchQueue+Hero.swift in Sources */ = {isa = PBXBuildFile; fileRef = A306D3C41E1C7A3C00B6C23A /* DispatchQueue+Hero.swift */; };
		A306D3F61E1D7A1A00B6C23A /* LiveInjection2ViewControllers.swift in Sources */ = {isa = PBXBuildFile; fileRef = A306D3F51E1D7A1A00B6C23A /* LiveInjection2ViewControllers.swift */; };
		A306D3FB1E1D7A7200B6C23A /* LiveInjection.storyboard in Resources */ = {isa = PBXBuildFile; fileRef = A306D3F91E1D7A7200B6C23A /* LiveInjection.storyboard */; };
		A313499B1E1E2AED00EB5139 /* ImageLibrary.swift in Sources */ = {isa = PBXBuildFile; fileRef = A313499A1E1E2AED00EB5139 /* ImageLibrary.swift */; };
		A33E60A51DE761C90065CBD8 /* AppDelegate.swift in Sources */ = {isa = PBXBuildFile; fileRef = A33E60A41DE761C90065CBD8 /* AppDelegate.swift */; };
		A33E60AA1DE761C90065CBD8 /* Main.storyboard in Resources */ = {isa = PBXBuildFile; fileRef = A33E60A81DE761C90065CBD8 /* Main.storyboard */; };
		A33E60AC1DE761C90065CBD8 /* Assets.xcassets in Resources */ = {isa = PBXBuildFile; fileRef = A33E60AB1DE761C90065CBD8 /* Assets.xcassets */; };
		A33E60AF1DE761C90065CBD8 /* LaunchScreen.storyboard in Resources */ = {isa = PBXBuildFile; fileRef = A33E60AD1DE761C90065CBD8 /* LaunchScreen.storyboard */; };
		A33E60BD1DE7621C0065CBD8 /* UIKit+HeroExamples.swift in Sources */ = {isa = PBXBuildFile; fileRef = A33E60B61DE7621C0065CBD8 /* UIKit+HeroExamples.swift */; };
		A33E60BE1DE7621C0065CBD8 /* City.swift in Sources */ = {isa = PBXBuildFile; fileRef = A33E60B91DE7621C0065CBD8 /* City.swift */; };
		A33E60BF1DE7621C0065CBD8 /* CityGuideCell.swift in Sources */ = {isa = PBXBuildFile; fileRef = A33E60BA1DE7621C0065CBD8 /* CityGuideCell.swift */; };
		A33E60C01DE7621C0065CBD8 /* CityGuideViewController.swift in Sources */ = {isa = PBXBuildFile; fileRef = A33E60BB1DE7621C0065CBD8 /* CityGuideViewController.swift */; };
		A33E60C11DE7621C0065CBD8 /* CityViewController.swift in Sources */ = {isa = PBXBuildFile; fileRef = A33E60BC1DE7621C0065CBD8 /* CityViewController.swift */; };
		A3499D9F1DF2024E0049B541 /* ImageGalleryCollectionViewController.swift in Sources */ = {isa = PBXBuildFile; fileRef = A3499D9E1DF2024E0049B541 /* ImageGalleryCollectionViewController.swift */; };
		A35949131E1A29800095F407 /* Basic.storyboard in Resources */ = {isa = PBXBuildFile; fileRef = A35949111E1A29800095F407 /* Basic.storyboard */; };
		A35949161E1A2A6A0095F407 /* MusicPlayer.storyboard in Resources */ = {isa = PBXBuildFile; fileRef = A35949141E1A2A6A0095F407 /* MusicPlayer.storyboard */; };
		A35949181E1A2BE60095F407 /* InitialViewController.swift in Sources */ = {isa = PBXBuildFile; fileRef = A35949171E1A2BE60095F407 /* InitialViewController.swift */; };
		A359491B1E1A31E20095F407 /* Menu.storyboard in Resources */ = {isa = PBXBuildFile; fileRef = A35949191E1A31E20095F407 /* Menu.storyboard */; };
		A359491E1E1A325A0095F407 /* CityGuide.storyboard in Resources */ = {isa = PBXBuildFile; fileRef = A359491C1E1A325A0095F407 /* CityGuide.storyboard */; };
		A35949211E1A32C50095F407 /* ImageGallery.storyboard in Resources */ = {isa = PBXBuildFile; fileRef = A359491F1E1A32C50095F407 /* ImageGallery.storyboard */; };
		A35949241E1A36D00095F407 /* ImageViewer.storyboard in Resources */ = {isa = PBXBuildFile; fileRef = A35949221E1A36D00095F407 /* ImageViewer.storyboard */; };
		A35949271E1A384E0095F407 /* ListToGrid.storyboard in Resources */ = {isa = PBXBuildFile; fileRef = A35949251E1A384E0095F407 /* ListToGrid.storyboard */; };
		A359492A1E1A39B30095F407 /* Debug.storyboard in Resources */ = {isa = PBXBuildFile; fileRef = A35949281E1A39B30095F407 /* Debug.storyboard */; };
		A359492D1E1A39D00095F407 /* LabelTransform.storyboard in Resources */ = {isa = PBXBuildFile; fileRef = A359492B1E1A39D00095F407 /* LabelTransform.storyboard */; };
		A39400B61E1D8749005E5454 /* LiveInjection1ViewController.swift in Sources */ = {isa = PBXBuildFile; fileRef = A39400B51E1D8749005E5454 /* LiveInjection1ViewController.swift */; };
		A3FEFAAA1E1F1F1F00A9F150 /* HeroModifier.swift in Sources */ = {isa = PBXBuildFile; fileRef = A3FEFAA91E1F1F1F00A9F150 /* HeroModifier.swift */; };
		A3FEFAAC1E1F353E00A9F150 /* HeroTargetState.swift in Sources */ = {isa = PBXBuildFile; fileRef = A3FEFAAB1E1F353E00A9F150 /* HeroTargetState.swift */; };
		B10FDD451E00DD9800B7B66E /* DebugViewController.swift in Sources */ = {isa = PBXBuildFile; fileRef = B10FDD441E00DD9800B7B66E /* DebugViewController.swift */; };
		B185A4E61DFA6E0C00C3B85D /* ListTableViewController.swift in Sources */ = {isa = PBXBuildFile; fileRef = B185A4E51DFA6E0C00C3B85D /* ListTableViewController.swift */; };
		B185A4E81DFA6FE200C3B85D /* GridCollectionViewController.swift in Sources */ = {isa = PBXBuildFile; fileRef = B185A4E71DFA6FE200C3B85D /* GridCollectionViewController.swift */; };
		B195F5771DFE516F00B1343C /* LabelTransformViewController.swift in Sources */ = {isa = PBXBuildFile; fileRef = B195F5761DFE516F00B1343C /* LabelTransformViewController.swift */; };
/* End PBXBuildFile section */

/* Begin PBXContainerItemProxy section */
		A306D3B71E1C7A2E00B6C23A /* PBXContainerItemProxy */ = {
			isa = PBXContainerItemProxy;
			containerPortal = A33E60991DE761C90065CBD8 /* Project object */;
			proxyType = 1;
			remoteGlobalIDString = A306D3B11E1C7A2E00B6C23A;
			remoteInfo = Hero;
		};
/* End PBXContainerItemProxy section */

/* Begin PBXCopyFilesBuildPhase section */
		A306D3BA1E1C7A2E00B6C23A /* Embed Frameworks */ = {
			isa = PBXCopyFilesBuildPhase;
			buildActionMask = 2147483647;
			dstPath = "";
			dstSubfolderSpec = 10;
			files = (
				A306D3BB1E1C7A2E00B6C23A /* Hero.framework in Embed Frameworks */,
			);
			name = "Embed Frameworks";
			runOnlyForDeploymentPostprocessing = 0;
		};
/* End PBXCopyFilesBuildPhase section */

/* Begin PBXFileReference section */
		5CD4F09A588E81DA75C2BE38 /* Pods-HeroExamples.debug.xcconfig */ = {isa = PBXFileReference; includeInIndex = 1; lastKnownFileType = text.xcconfig; name = "Pods-HeroExamples.debug.xcconfig"; path = "Pods/Target Support Files/Pods-HeroExamples/Pods-HeroExamples.debug.xcconfig"; sourceTree = "<group>"; };
		A304BF831DF2717900A03345 /* ImageViewController.swift */ = {isa = PBXFileReference; fileEncoding = 4; lastKnownFileType = sourcecode.swift; name = ImageViewController.swift; path = ImageGallery/ImageViewController.swift; sourceTree = "<group>"; };
		A304BF891DF647FC00A03345 /* ImageCells.swift */ = {isa = PBXFileReference; fileEncoding = 4; lastKnownFileType = sourcecode.swift; name = ImageCells.swift; path = ImageGallery/ImageCells.swift; sourceTree = "<group>"; };
		A306D3B21E1C7A2E00B6C23A /* Hero.framework */ = {isa = PBXFileReference; explicitFileType = wrapper.framework; includeInIndex = 0; path = Hero.framework; sourceTree = BUILT_PRODUCTS_DIR; };
		A306D3B41E1C7A2E00B6C23A /* Hero.h */ = {isa = PBXFileReference; lastKnownFileType = sourcecode.c.h; path = Hero.h; sourceTree = "<group>"; };
		A306D3B51E1C7A2E00B6C23A /* Info.plist */ = {isa = PBXFileReference; lastKnownFileType = text.plist.xml; path = Info.plist; sourceTree = "<group>"; };
		A306D3BF1E1C7A3C00B6C23A /* CALayer+Hero.swift */ = {isa = PBXFileReference; fileEncoding = 4; lastKnownFileType = sourcecode.swift; name = "CALayer+Hero.swift"; path = "../../Hero/CALayer+Hero.swift"; sourceTree = "<group>"; };
		A306D3C01E1C7A3C00B6C23A /* CAMediaTimingFunction+Hero.swift */ = {isa = PBXFileReference; fileEncoding = 4; lastKnownFileType = sourcecode.swift; name = "CAMediaTimingFunction+Hero.swift"; path = "../../Hero/CAMediaTimingFunction+Hero.swift"; sourceTree = "<group>"; };
		A306D3C11E1C7A3C00B6C23A /* CascadePreprocessor.swift */ = {isa = PBXFileReference; fileEncoding = 4; lastKnownFileType = sourcecode.swift; name = CascadePreprocessor.swift; path = ../../Hero/CascadePreprocessor.swift; sourceTree = "<group>"; };
		A306D3C21E1C7A3C00B6C23A /* CG+Hero.swift */ = {isa = PBXFileReference; fileEncoding = 4; lastKnownFileType = sourcecode.swift; name = "CG+Hero.swift"; path = "../../Hero/CG+Hero.swift"; sourceTree = "<group>"; };
		A306D3C31E1C7A3C00B6C23A /* IgnoreSubviewModifiersPreprocessor.swift */ = {isa = PBXFileReference; fileEncoding = 4; lastKnownFileType = sourcecode.swift; name = IgnoreSubviewModifiersPreprocessor.swift; path = ../../Hero/IgnoreSubviewModifiersPreprocessor.swift; sourceTree = "<group>"; };
		A306D3C41E1C7A3C00B6C23A /* DispatchQueue+Hero.swift */ = {isa = PBXFileReference; fileEncoding = 4; lastKnownFileType = sourcecode.swift; name = "DispatchQueue+Hero.swift"; path = "../../Hero/DispatchQueue+Hero.swift"; sourceTree = "<group>"; };
		A306D3C51E1C7A3C00B6C23A /* Hero.swift */ = {isa = PBXFileReference; fileEncoding = 4; lastKnownFileType = sourcecode.swift; name = Hero.swift; path = ../../Hero/Hero.swift; sourceTree = "<group>"; };
		A306D3C61E1C7A3C00B6C23A /* HeroContext.swift */ = {isa = PBXFileReference; fileEncoding = 4; lastKnownFileType = sourcecode.swift; lineEnding = 0; name = HeroContext.swift; path = ../../Hero/HeroContext.swift; sourceTree = "<group>"; xcLanguageSpecificationIdentifier = xcode.lang.swift; };
		A306D3C71E1C7A3C00B6C23A /* HeroDebugPlugin.swift */ = {isa = PBXFileReference; fileEncoding = 4; lastKnownFileType = sourcecode.swift; name = HeroDebugPlugin.swift; path = ../../Hero/HeroDebugPlugin.swift; sourceTree = "<group>"; };
		A306D3C81E1C7A3C00B6C23A /* HeroDebugView.swift */ = {isa = PBXFileReference; fileEncoding = 4; lastKnownFileType = sourcecode.swift; name = HeroDebugView.swift; path = ../../Hero/HeroDebugView.swift; sourceTree = "<group>"; };
		A306D3C91E1C7A3C00B6C23A /* HeroDefaultAnimator.swift */ = {isa = PBXFileReference; fileEncoding = 4; lastKnownFileType = sourcecode.swift; name = HeroDefaultAnimator.swift; path = ../../Hero/HeroDefaultAnimator.swift; sourceTree = "<group>"; };
		A306D3CA1E1C7A3C00B6C23A /* HeroDefaultAnimatorViewContext.swift */ = {isa = PBXFileReference; fileEncoding = 4; lastKnownFileType = sourcecode.swift; name = HeroDefaultAnimatorViewContext.swift; path = ../../Hero/HeroDefaultAnimatorViewContext.swift; sourceTree = "<group>"; };
		A306D3CC1E1C7A3C00B6C23A /* HeroPlugin.swift */ = {isa = PBXFileReference; fileEncoding = 4; lastKnownFileType = sourcecode.swift; name = HeroPlugin.swift; path = ../../Hero/HeroPlugin.swift; sourceTree = "<group>"; };
		A306D3CD1E1C7A3C00B6C23A /* HeroTypes.swift */ = {isa = PBXFileReference; fileEncoding = 4; lastKnownFileType = sourcecode.swift; name = HeroTypes.swift; path = ../../Hero/HeroTypes.swift; sourceTree = "<group>"; };
		A306D3CE1E1C7A3C00B6C23A /* SourcePreprocessor.swift */ = {isa = PBXFileReference; fileEncoding = 4; lastKnownFileType = sourcecode.swift; name = SourcePreprocessor.swift; path = ../../Hero/SourcePreprocessor.swift; sourceTree = "<group>"; };
		A306D3CF1E1C7A3C00B6C23A /* UIKit+Hero.swift */ = {isa = PBXFileReference; fileEncoding = 4; lastKnownFileType = sourcecode.swift; lineEnding = 0; name = "UIKit+Hero.swift"; path = "../../Hero/UIKit+Hero.swift"; sourceTree = "<group>"; xcLanguageSpecificationIdentifier = xcode.lang.swift; };
		A306D3D01E1C7A3C00B6C23A /* Array+HeroModifier.swift */ = {isa = PBXFileReference; fileEncoding = 4; lastKnownFileType = sourcecode.swift; name = "Array+HeroModifier.swift"; path = "../../Hero/Array+HeroModifier.swift"; sourceTree = "<group>"; };
		A306D3D11E1C7A3C00B6C23A /* MatchPreprocessor.swift */ = {isa = PBXFileReference; fileEncoding = 4; lastKnownFileType = sourcecode.swift; name = MatchPreprocessor.swift; path = ../../Hero/MatchPreprocessor.swift; sourceTree = "<group>"; };
		A306D3F51E1D7A1A00B6C23A /* LiveInjection2ViewControllers.swift */ = {isa = PBXFileReference; fileEncoding = 4; lastKnownFileType = sourcecode.swift; name = LiveInjection2ViewControllers.swift; path = LiveInjection/LiveInjection2ViewControllers.swift; sourceTree = "<group>"; };
		A306D3FA1E1D7A7200B6C23A /* Base */ = {isa = PBXFileReference; lastKnownFileType = file.storyboard; name = Base; path = HeroExamples/Base.lproj/LiveInjection.storyboard; sourceTree = SOURCE_ROOT; };
		A313499A1E1E2AED00EB5139 /* ImageLibrary.swift */ = {isa = PBXFileReference; fileEncoding = 4; lastKnownFileType = sourcecode.swift; name = ImageLibrary.swift; path = ImageGallery/ImageLibrary.swift; sourceTree = "<group>"; };
		A33E60A11DE761C90065CBD8 /* HeroExamples.app */ = {isa = PBXFileReference; explicitFileType = wrapper.application; includeInIndex = 0; path = HeroExamples.app; sourceTree = BUILT_PRODUCTS_DIR; };
		A33E60A41DE761C90065CBD8 /* AppDelegate.swift */ = {isa = PBXFileReference; lastKnownFileType = sourcecode.swift; path = AppDelegate.swift; sourceTree = "<group>"; };
		A33E60A91DE761C90065CBD8 /* Base */ = {isa = PBXFileReference; lastKnownFileType = file.storyboard; name = Base; path = Base.lproj/Main.storyboard; sourceTree = "<group>"; };
		A33E60AB1DE761C90065CBD8 /* Assets.xcassets */ = {isa = PBXFileReference; lastKnownFileType = folder.assetcatalog; path = Assets.xcassets; sourceTree = "<group>"; };
		A33E60AE1DE761C90065CBD8 /* Base */ = {isa = PBXFileReference; lastKnownFileType = file.storyboard; name = Base; path = Base.lproj/LaunchScreen.storyboard; sourceTree = "<group>"; };
		A33E60B01DE761C90065CBD8 /* Info.plist */ = {isa = PBXFileReference; lastKnownFileType = text.plist.xml; path = Info.plist; sourceTree = "<group>"; };
		A33E60B61DE7621C0065CBD8 /* UIKit+HeroExamples.swift */ = {isa = PBXFileReference; fileEncoding = 4; lastKnownFileType = sourcecode.swift; path = "UIKit+HeroExamples.swift"; sourceTree = "<group>"; };
		A33E60B91DE7621C0065CBD8 /* City.swift */ = {isa = PBXFileReference; fileEncoding = 4; lastKnownFileType = sourcecode.swift; path = City.swift; sourceTree = "<group>"; };
		A33E60BA1DE7621C0065CBD8 /* CityGuideCell.swift */ = {isa = PBXFileReference; fileEncoding = 4; lastKnownFileType = sourcecode.swift; path = CityGuideCell.swift; sourceTree = "<group>"; };
		A33E60BB1DE7621C0065CBD8 /* CityGuideViewController.swift */ = {isa = PBXFileReference; fileEncoding = 4; lastKnownFileType = sourcecode.swift; path = CityGuideViewController.swift; sourceTree = "<group>"; };
		A33E60BC1DE7621C0065CBD8 /* CityViewController.swift */ = {isa = PBXFileReference; fileEncoding = 4; lastKnownFileType = sourcecode.swift; path = CityViewController.swift; sourceTree = "<group>"; };
		A3499D9E1DF2024E0049B541 /* ImageGalleryCollectionViewController.swift */ = {isa = PBXFileReference; fileEncoding = 4; lastKnownFileType = sourcecode.swift; name = ImageGalleryCollectionViewController.swift; path = ImageGallery/ImageGalleryCollectionViewController.swift; sourceTree = "<group>"; };
		A35949121E1A29800095F407 /* Base */ = {isa = PBXFileReference; lastKnownFileType = file.storyboard; name = Base; path = Base.lproj/Basic.storyboard; sourceTree = "<group>"; };
		A35949151E1A2A6A0095F407 /* Base */ = {isa = PBXFileReference; lastKnownFileType = file.storyboard; name = Base; path = HeroExamples/Base.lproj/MusicPlayer.storyboard; sourceTree = SOURCE_ROOT; };
		A35949171E1A2BE60095F407 /* InitialViewController.swift */ = {isa = PBXFileReference; fileEncoding = 4; lastKnownFileType = sourcecode.swift; path = InitialViewController.swift; sourceTree = "<group>"; };
		A359491A1E1A31E20095F407 /* Base */ = {isa = PBXFileReference; lastKnownFileType = file.storyboard; name = Base; path = HeroExamples/Base.lproj/Menu.storyboard; sourceTree = SOURCE_ROOT; };
		A359491D1E1A325A0095F407 /* Base */ = {isa = PBXFileReference; lastKnownFileType = file.storyboard; name = Base; path = HeroExamples/Base.lproj/CityGuide.storyboard; sourceTree = SOURCE_ROOT; };
		A35949201E1A32C50095F407 /* Base */ = {isa = PBXFileReference; lastKnownFileType = file.storyboard; name = Base; path = HeroExamples/Base.lproj/ImageGallery.storyboard; sourceTree = SOURCE_ROOT; };
		A35949231E1A36D00095F407 /* Base */ = {isa = PBXFileReference; lastKnownFileType = file.storyboard; name = Base; path = Base.lproj/ImageViewer.storyboard; sourceTree = "<group>"; };
		A35949261E1A384E0095F407 /* Base */ = {isa = PBXFileReference; lastKnownFileType = file.storyboard; name = Base; path = HeroExamples/Base.lproj/ListToGrid.storyboard; sourceTree = SOURCE_ROOT; };
		A35949291E1A39B30095F407 /* Base */ = {isa = PBXFileReference; lastKnownFileType = file.storyboard; name = Base; path = Base.lproj/Debug.storyboard; sourceTree = "<group>"; };
		A359492C1E1A39D00095F407 /* Base */ = {isa = PBXFileReference; lastKnownFileType = file.storyboard; name = Base; path = Base.lproj/LabelTransform.storyboard; sourceTree = "<group>"; };
		A39400B51E1D8749005E5454 /* LiveInjection1ViewController.swift */ = {isa = PBXFileReference; fileEncoding = 4; lastKnownFileType = sourcecode.swift; name = LiveInjection1ViewController.swift; path = LiveInjection/LiveInjection1ViewController.swift; sourceTree = "<group>"; };
		A3FEFAA91E1F1F1F00A9F150 /* HeroModifier.swift */ = {isa = PBXFileReference; fileEncoding = 4; lastKnownFileType = sourcecode.swift; name = HeroModifier.swift; path = ../../Hero/HeroModifier.swift; sourceTree = "<group>"; };
		A3FEFAAB1E1F353E00A9F150 /* HeroTargetState.swift */ = {isa = PBXFileReference; fileEncoding = 4; lastKnownFileType = sourcecode.swift; name = HeroTargetState.swift; path = ../../Hero/HeroTargetState.swift; sourceTree = "<group>"; };
		B10FDD441E00DD9800B7B66E /* DebugViewController.swift */ = {isa = PBXFileReference; fileEncoding = 4; lastKnownFileType = sourcecode.swift; name = DebugViewController.swift; path = Debug/DebugViewController.swift; sourceTree = "<group>"; };
		B185A4E51DFA6E0C00C3B85D /* ListTableViewController.swift */ = {isa = PBXFileReference; fileEncoding = 4; lastKnownFileType = sourcecode.swift; name = ListTableViewController.swift; path = ListToGrid/ListTableViewController.swift; sourceTree = "<group>"; };
		B185A4E71DFA6FE200C3B85D /* GridCollectionViewController.swift */ = {isa = PBXFileReference; fileEncoding = 4; lastKnownFileType = sourcecode.swift; name = GridCollectionViewController.swift; path = ListToGrid/GridCollectionViewController.swift; sourceTree = "<group>"; };
		B195F5761DFE516F00B1343C /* LabelTransformViewController.swift */ = {isa = PBXFileReference; fileEncoding = 4; lastKnownFileType = sourcecode.swift; name = LabelTransformViewController.swift; path = LabelTransform/LabelTransformViewController.swift; sourceTree = "<group>"; };
		C377744CBFF1E24426E80F55 /* Pods-HeroExamples.release.xcconfig */ = {isa = PBXFileReference; includeInIndex = 1; lastKnownFileType = text.xcconfig; name = "Pods-HeroExamples.release.xcconfig"; path = "Pods/Target Support Files/Pods-HeroExamples/Pods-HeroExamples.release.xcconfig"; sourceTree = "<group>"; };
		EEE340F89FF0A49DD23A5A6E /* Pods_HeroExamples.framework */ = {isa = PBXFileReference; explicitFileType = wrapper.framework; includeInIndex = 0; path = Pods_HeroExamples.framework; sourceTree = BUILT_PRODUCTS_DIR; };
/* End PBXFileReference section */

/* Begin PBXFrameworksBuildPhase section */
		A306D3AE1E1C7A2E00B6C23A /* Frameworks */ = {
			isa = PBXFrameworksBuildPhase;
			buildActionMask = 2147483647;
			files = (
			);
			runOnlyForDeploymentPostprocessing = 0;
		};
		A33E609E1DE761C90065CBD8 /* Frameworks */ = {
			isa = PBXFrameworksBuildPhase;
			buildActionMask = 2147483647;
			files = (
				A306D3B91E1C7A2E00B6C23A /* Hero.framework in Frameworks */,
				83043017B73BC66DBB920D5C /* Pods_HeroExamples.framework in Frameworks */,
			);
			runOnlyForDeploymentPostprocessing = 0;
		};
/* End PBXFrameworksBuildPhase section */

/* Begin PBXGroup section */
		0ED3C727BC790F37EE7BD698 /* Frameworks */ = {
			isa = PBXGroup;
			children = (
				EEE340F89FF0A49DD23A5A6E /* Pods_HeroExamples.framework */,
			);
			name = Frameworks;
			sourceTree = "<group>";
		};
		46383DC6A22A87056E5B40EC /* Pods */ = {
			isa = PBXGroup;
			children = (
				5CD4F09A588E81DA75C2BE38 /* Pods-HeroExamples.debug.xcconfig */,
				C377744CBFF1E24426E80F55 /* Pods-HeroExamples.release.xcconfig */,
			);
			name = Pods;
			sourceTree = "<group>";
		};
		A306D3B31E1C7A2E00B6C23A /* Hero */ = {
			isa = PBXGroup;
			children = (
				A306D3C51E1C7A3C00B6C23A /* Hero.swift */,
				A306D3C61E1C7A3C00B6C23A /* HeroContext.swift */,
				A306D3CC1E1C7A3C00B6C23A /* HeroPlugin.swift */,
				A306D3CD1E1C7A3C00B6C23A /* HeroTypes.swift */,
				A3FEFAA91E1F1F1F00A9F150 /* HeroModifier.swift */,
				A3FEFAAB1E1F353E00A9F150 /* HeroTargetState.swift */,
				A306D3EA1E1C7A9100B6C23A /* Animator */,
				A306D3E91E1C7A8700B6C23A /* DebugPlugin */,
				A306D3E81E1C7A7D00B6C23A /* Preprocessors */,
				A306D3E61E1C7A6800B6C23A /* Extensions */,
				A306D3B41E1C7A2E00B6C23A /* Hero.h */,
				A306D3B51E1C7A2E00B6C23A /* Info.plist */,
			);
			path = Hero;
			sourceTree = "<group>";
		};
		A306D3E61E1C7A6800B6C23A /* Extensions */ = {
			isa = PBXGroup;
			children = (
				A306D3BF1E1C7A3C00B6C23A /* CALayer+Hero.swift */,
				A306D3C01E1C7A3C00B6C23A /* CAMediaTimingFunction+Hero.swift */,
				A306D3C41E1C7A3C00B6C23A /* DispatchQueue+Hero.swift */,
				A306D3CF1E1C7A3C00B6C23A /* UIKit+Hero.swift */,
				A306D3D01E1C7A3C00B6C23A /* Array+HeroModifier.swift */,
				A306D3C21E1C7A3C00B6C23A /* CG+Hero.swift */,
			);
			name = Extensions;
			sourceTree = "<group>";
		};
		A306D3E81E1C7A7D00B6C23A /* Preprocessors */ = {
			isa = PBXGroup;
			children = (
				A306D3C11E1C7A3C00B6C23A /* CascadePreprocessor.swift */,
				A306D3C31E1C7A3C00B6C23A /* IgnoreSubviewModifiersPreprocessor.swift */,
				A306D3CE1E1C7A3C00B6C23A /* SourcePreprocessor.swift */,
				A306D3D11E1C7A3C00B6C23A /* MatchPreprocessor.swift */,
			);
			name = Preprocessors;
			sourceTree = "<group>";
		};
		A306D3E91E1C7A8700B6C23A /* DebugPlugin */ = {
			isa = PBXGroup;
			children = (
				A306D3C71E1C7A3C00B6C23A /* HeroDebugPlugin.swift */,
				A306D3C81E1C7A3C00B6C23A /* HeroDebugView.swift */,
			);
			name = DebugPlugin;
			sourceTree = "<group>";
		};
		A306D3EA1E1C7A9100B6C23A /* Animator */ = {
			isa = PBXGroup;
			children = (
				A306D3C91E1C7A3C00B6C23A /* HeroDefaultAnimator.swift */,
				A306D3CA1E1C7A3C00B6C23A /* HeroDefaultAnimatorViewContext.swift */,
			);
			name = Animator;
			sourceTree = "<group>";
		};
		A306D3FC1E1D82AB00B6C23A /* LiveInjection */ = {
			isa = PBXGroup;
			children = (
				A306D3F91E1D7A7200B6C23A /* LiveInjection.storyboard */,
				A39400B51E1D8749005E5454 /* LiveInjection1ViewController.swift */,
				A306D3F51E1D7A1A00B6C23A /* LiveInjection2ViewControllers.swift */,
			);
			name = LiveInjection;
			sourceTree = "<group>";
		};
		A33E60981DE761C90065CBD8 = {
			isa = PBXGroup;
			children = (
				A33E60A31DE761C90065CBD8 /* HeroExamples */,
				A306D3B31E1C7A2E00B6C23A /* Hero */,
				A33E60A21DE761C90065CBD8 /* Products */,
				46383DC6A22A87056E5B40EC /* Pods */,
				0ED3C727BC790F37EE7BD698 /* Frameworks */,
			);
			sourceTree = "<group>";
		};
		A33E60A21DE761C90065CBD8 /* Products */ = {
			isa = PBXGroup;
			children = (
				A33E60A11DE761C90065CBD8 /* HeroExamples.app */,
				A306D3B21E1C7A2E00B6C23A /* Hero.framework */,
			);
			name = Products;
			sourceTree = "<group>";
		};
		A33E60A31DE761C90065CBD8 /* HeroExamples */ = {
			isa = PBXGroup;
			children = (
				A33E60A81DE761C90065CBD8 /* Main.storyboard */,
				A35949171E1A2BE60095F407 /* InitialViewController.swift */,
				A33E60B71DE7621C0065CBD8 /* Examples */,
				A33E60C21DE76CEF0065CBD8 /* Resources */,
			);
			path = HeroExamples;
			sourceTree = "<group>";
		};
		A33E60B71DE7621C0065CBD8 /* Examples */ = {
			isa = PBXGroup;
			children = (
				A35949111E1A29800095F407 /* Basic.storyboard */,
				A35949141E1A2A6A0095F407 /* MusicPlayer.storyboard */,
				A35949191E1A31E20095F407 /* Menu.storyboard */,
				A33E60B81DE7621C0065CBD8 /* CityGuide */,
				B185A4E91DFA6FE700C3B85D /* ListToGrid */,
				A3499D9D1DF202350049B541 /* ImageGallery */,
				A306D3FC1E1D82AB00B6C23A /* LiveInjection */,
				B10FDD461E00DD9D00B7B66E /* Debug */,
				B195F5781DFE517500B1343C /* LabelTransform */,
			);
			path = Examples;
			sourceTree = "<group>";
		};
		A33E60B81DE7621C0065CBD8 /* CityGuide */ = {
			isa = PBXGroup;
			children = (
				A359491C1E1A325A0095F407 /* CityGuide.storyboard */,
				A33E60B91DE7621C0065CBD8 /* City.swift */,
				A33E60BA1DE7621C0065CBD8 /* CityGuideCell.swift */,
				A33E60BB1DE7621C0065CBD8 /* CityGuideViewController.swift */,
				A33E60BC1DE7621C0065CBD8 /* CityViewController.swift */,
			);
			path = CityGuide;
			sourceTree = "<group>";
		};
		A33E60C21DE76CEF0065CBD8 /* Resources */ = {
			isa = PBXGroup;
			children = (
				A33E60A41DE761C90065CBD8 /* AppDelegate.swift */,
				A33E60B61DE7621C0065CBD8 /* UIKit+HeroExamples.swift */,
				A33E60AB1DE761C90065CBD8 /* Assets.xcassets */,
				A33E60AD1DE761C90065CBD8 /* LaunchScreen.storyboard */,
				A33E60B01DE761C90065CBD8 /* Info.plist */,
			);
			name = Resources;
			sourceTree = "<group>";
		};
		A3499D9D1DF202350049B541 /* ImageGallery */ = {
			isa = PBXGroup;
			children = (
				A359491F1E1A32C50095F407 /* ImageGallery.storyboard */,
				A35949221E1A36D00095F407 /* ImageViewer.storyboard */,
				A3499D9E1DF2024E0049B541 /* ImageGalleryCollectionViewController.swift */,
				A304BF831DF2717900A03345 /* ImageViewController.swift */,
				A313499A1E1E2AED00EB5139 /* ImageLibrary.swift */,
				A304BF891DF647FC00A03345 /* ImageCells.swift */,
			);
			name = ImageGallery;
			sourceTree = "<group>";
		};
		B10FDD461E00DD9D00B7B66E /* Debug */ = {
			isa = PBXGroup;
			children = (
				A35949281E1A39B30095F407 /* Debug.storyboard */,
				B10FDD441E00DD9800B7B66E /* DebugViewController.swift */,
			);
			name = Debug;
			sourceTree = "<group>";
		};
		B185A4E91DFA6FE700C3B85D /* ListToGrid */ = {
			isa = PBXGroup;
			children = (
				A35949251E1A384E0095F407 /* ListToGrid.storyboard */,
				B185A4E51DFA6E0C00C3B85D /* ListTableViewController.swift */,
				B185A4E71DFA6FE200C3B85D /* GridCollectionViewController.swift */,
			);
			name = ListToGrid;
			sourceTree = "<group>";
		};
		B195F5781DFE517500B1343C /* LabelTransform */ = {
			isa = PBXGroup;
			children = (
				A359492B1E1A39D00095F407 /* LabelTransform.storyboard */,
				B195F5761DFE516F00B1343C /* LabelTransformViewController.swift */,
			);
			name = LabelTransform;
			sourceTree = "<group>";
		};
/* End PBXGroup section */

/* Begin PBXHeadersBuildPhase section */
		A306D3AF1E1C7A2E00B6C23A /* Headers */ = {
			isa = PBXHeadersBuildPhase;
			buildActionMask = 2147483647;
			files = (
				A306D3B61E1C7A2E00B6C23A /* Hero.h in Headers */,
			);
			runOnlyForDeploymentPostprocessing = 0;
		};
/* End PBXHeadersBuildPhase section */

/* Begin PBXNativeTarget section */
		A306D3B11E1C7A2E00B6C23A /* Hero */ = {
			isa = PBXNativeTarget;
			buildConfigurationList = A306D3BE1E1C7A2E00B6C23A /* Build configuration list for PBXNativeTarget "Hero" */;
			buildPhases = (
				A306D3AD1E1C7A2E00B6C23A /* Sources */,
				A306D3AE1E1C7A2E00B6C23A /* Frameworks */,
				A306D3AF1E1C7A2E00B6C23A /* Headers */,
				A306D3B01E1C7A2E00B6C23A /* Resources */,
			);
			buildRules = (
			);
			dependencies = (
			);
			name = Hero;
			productName = Hero;
			productReference = A306D3B21E1C7A2E00B6C23A /* Hero.framework */;
			productType = "com.apple.product-type.framework";
		};
		A33E60A01DE761C90065CBD8 /* HeroExamples */ = {
			isa = PBXNativeTarget;
			buildConfigurationList = A33E60B31DE761C90065CBD8 /* Build configuration list for PBXNativeTarget "HeroExamples" */;
			buildPhases = (
				AB630E15554685FDB346A796 /* [CP] Check Pods Manifest.lock */,
				A33E609D1DE761C90065CBD8 /* Sources */,
				A33E609E1DE761C90065CBD8 /* Frameworks */,
				A33E609F1DE761C90065CBD8 /* Resources */,
				23B031AF37B3297143AE7376 /* [CP] Embed Pods Frameworks */,
				B60F2CF0B495F2D785FF29A1 /* [CP] Copy Pods Resources */,
				A306D3BA1E1C7A2E00B6C23A /* Embed Frameworks */,
			);
			buildRules = (
			);
			dependencies = (
				A306D3B81E1C7A2E00B6C23A /* PBXTargetDependency */,
			);
			name = HeroExamples;
			productName = HeroExamples;
			productReference = A33E60A11DE761C90065CBD8 /* HeroExamples.app */;
			productType = "com.apple.product-type.application";
		};
/* End PBXNativeTarget section */

/* Begin PBXProject section */
		A33E60991DE761C90065CBD8 /* Project object */ = {
			isa = PBXProject;
			attributes = {
				LastSwiftUpdateCheck = 0800;
				LastUpgradeCheck = 0820;
				ORGANIZATIONNAME = "Luke Zhao";
				TargetAttributes = {
					A306D3B11E1C7A2E00B6C23A = {
						CreatedOnToolsVersion = 8.2.1;
						DevelopmentTeam = 4VSEW78TKT;
						LastSwiftMigration = 0820;
						ProvisioningStyle = Automatic;
					};
					A33E60A01DE761C90065CBD8 = {
						CreatedOnToolsVersion = 8.0;
						DevelopmentTeam = 4VSEW78TKT;
						ProvisioningStyle = Automatic;
					};
				};
			};
			buildConfigurationList = A33E609C1DE761C90065CBD8 /* Build configuration list for PBXProject "HeroExamples" */;
			compatibilityVersion = "Xcode 3.2";
			developmentRegion = English;
			hasScannedForEncodings = 0;
			knownRegions = (
				en,
				Base,
			);
			mainGroup = A33E60981DE761C90065CBD8;
			productRefGroup = A33E60A21DE761C90065CBD8 /* Products */;
			projectDirPath = "";
			projectRoot = "";
			targets = (
				A33E60A01DE761C90065CBD8 /* HeroExamples */,
				A306D3B11E1C7A2E00B6C23A /* Hero */,
			);
		};
/* End PBXProject section */

/* Begin PBXResourcesBuildPhase section */
		A306D3B01E1C7A2E00B6C23A /* Resources */ = {
			isa = PBXResourcesBuildPhase;
			buildActionMask = 2147483647;
			files = (
			);
			runOnlyForDeploymentPostprocessing = 0;
		};
		A33E609F1DE761C90065CBD8 /* Resources */ = {
			isa = PBXResourcesBuildPhase;
			buildActionMask = 2147483647;
			files = (
				A359491B1E1A31E20095F407 /* Menu.storyboard in Resources */,
				A35949271E1A384E0095F407 /* ListToGrid.storyboard in Resources */,
				A35949211E1A32C50095F407 /* ImageGallery.storyboard in Resources */,
				A359491E1E1A325A0095F407 /* CityGuide.storyboard in Resources */,
				A33E60AF1DE761C90065CBD8 /* LaunchScreen.storyboard in Resources */,
				A359492A1E1A39B30095F407 /* Debug.storyboard in Resources */,
				A33E60AC1DE761C90065CBD8 /* Assets.xcassets in Resources */,
				A35949241E1A36D00095F407 /* ImageViewer.storyboard in Resources */,
				A33E60AA1DE761C90065CBD8 /* Main.storyboard in Resources */,
				A306D3FB1E1D7A7200B6C23A /* LiveInjection.storyboard in Resources */,
				A35949131E1A29800095F407 /* Basic.storyboard in Resources */,
				A35949161E1A2A6A0095F407 /* MusicPlayer.storyboard in Resources */,
				A359492D1E1A39D00095F407 /* LabelTransform.storyboard in Resources */,
			);
			runOnlyForDeploymentPostprocessing = 0;
		};
/* End PBXResourcesBuildPhase section */

/* Begin PBXShellScriptBuildPhase section */
		23B031AF37B3297143AE7376 /* [CP] Embed Pods Frameworks */ = {
			isa = PBXShellScriptBuildPhase;
			buildActionMask = 2147483647;
			files = (
			);
			inputPaths = (
			);
			name = "[CP] Embed Pods Frameworks";
			outputPaths = (
			);
			runOnlyForDeploymentPostprocessing = 0;
			shellPath = /bin/sh;
			shellScript = "\"${SRCROOT}/Pods/Target Support Files/Pods-HeroExamples/Pods-HeroExamples-frameworks.sh\"\n";
			showEnvVarsInLog = 0;
		};
		AB630E15554685FDB346A796 /* [CP] Check Pods Manifest.lock */ = {
			isa = PBXShellScriptBuildPhase;
			buildActionMask = 2147483647;
			files = (
			);
			inputPaths = (
			);
			name = "[CP] Check Pods Manifest.lock";
			outputPaths = (
			);
			runOnlyForDeploymentPostprocessing = 0;
			shellPath = /bin/sh;
			shellScript = "diff \"${PODS_ROOT}/../Podfile.lock\" \"${PODS_ROOT}/Manifest.lock\" > /dev/null\nif [ $? != 0 ] ; then\n    # print error to STDERR\n    echo \"error: The sandbox is not in sync with the Podfile.lock. Run 'pod install' or update your CocoaPods installation.\" >&2\n    exit 1\nfi\n";
			showEnvVarsInLog = 0;
		};
		B60F2CF0B495F2D785FF29A1 /* [CP] Copy Pods Resources */ = {
			isa = PBXShellScriptBuildPhase;
			buildActionMask = 2147483647;
			files = (
			);
			inputPaths = (
			);
			name = "[CP] Copy Pods Resources";
			outputPaths = (
			);
			runOnlyForDeploymentPostprocessing = 0;
			shellPath = /bin/sh;
			shellScript = "\"${SRCROOT}/Pods/Target Support Files/Pods-HeroExamples/Pods-HeroExamples-resources.sh\"\n";
			showEnvVarsInLog = 0;
		};
/* End PBXShellScriptBuildPhase section */

/* Begin PBXSourcesBuildPhase section */
		A306D3AD1E1C7A2E00B6C23A /* Sources */ = {
			isa = PBXSourcesBuildPhase;
			buildActionMask = 2147483647;
			files = (
				A306D3DC1E1C7A3C00B6C23A /* HeroDefaultAnimator.swift in Sources */,
				A306D3DB1E1C7A3C00B6C23A /* HeroDebugView.swift in Sources */,
				A306D3DF1E1C7A3C00B6C23A /* HeroPlugin.swift in Sources */,
				A306D3E41E1C7A3C00B6C23A /* MatchPreprocessor.swift in Sources */,
				A306D3D41E1C7A3C00B6C23A /* CascadePreprocessor.swift in Sources */,
				A306D3D31E1C7A3C00B6C23A /* CAMediaTimingFunction+Hero.swift in Sources */,
				A306D3E21E1C7A3C00B6C23A /* UIKit+Hero.swift in Sources */,
				A306D3D21E1C7A3C00B6C23A /* CALayer+Hero.swift in Sources */,
				A306D3E01E1C7A3C00B6C23A /* HeroTypes.swift in Sources */,
				A3FEFAAC1E1F353E00A9F150 /* HeroTargetState.swift in Sources */,
				A306D3DD1E1C7A3C00B6C23A /* HeroDefaultAnimatorViewContext.swift in Sources */,
				A306D3D51E1C7A3C00B6C23A /* CG+Hero.swift in Sources */,
				A306D3E11E1C7A3C00B6C23A /* SourcePreprocessor.swift in Sources */,
				A306D3D81E1C7A3C00B6C23A /* Hero.swift in Sources */,
				A306D3E31E1C7A3C00B6C23A /* Array+HeroModifier.swift in Sources */,
				A306D3D61E1C7A3C00B6C23A /* IgnoreSubviewModifiersPreprocessor.swift in Sources */,
				A306D3D71E1C7A3C00B6C23A /* DispatchQueue+Hero.swift in Sources */,
				A306D3DA1E1C7A3C00B6C23A /* HeroDebugPlugin.swift in Sources */,
				A3FEFAAA1E1F1F1F00A9F150 /* HeroModifier.swift in Sources */,
				A306D3D91E1C7A3C00B6C23A /* HeroContext.swift in Sources */,
			);
			runOnlyForDeploymentPostprocessing = 0;
		};
		A33E609D1DE761C90065CBD8 /* Sources */ = {
			isa = PBXSourcesBuildPhase;
			buildActionMask = 2147483647;
			files = (
				A35949181E1A2BE60095F407 /* InitialViewController.swift in Sources */,
				A306D3E71E1C7A6E00B6C23A /* DispatchQueue+Hero.swift in Sources */,
				A33E60C01DE7621C0065CBD8 /* CityGuideViewController.swift in Sources */,
				A33E60BD1DE7621C0065CBD8 /* UIKit+HeroExamples.swift in Sources */,
				A3499D9F1DF2024E0049B541 /* ImageGalleryCollectionViewController.swift in Sources */,
				A33E60BF1DE7621C0065CBD8 /* CityGuideCell.swift in Sources */,
				A33E60A51DE761C90065CBD8 /* AppDelegate.swift in Sources */,
				A33E60BE1DE7621C0065CBD8 /* City.swift in Sources */,
				A304BF841DF2717900A03345 /* ImageViewController.swift in Sources */,
				A306D3F61E1D7A1A00B6C23A /* LiveInjection2ViewControllers.swift in Sources */,
				A306D3E51E1C7A5A00B6C23A /* CG+Hero.swift in Sources */,
				B10FDD451E00DD9800B7B66E /* DebugViewController.swift in Sources */,
				B195F5771DFE516F00B1343C /* LabelTransformViewController.swift in Sources */,
				B185A4E61DFA6E0C00C3B85D /* ListTableViewController.swift in Sources */,
				A39400B61E1D8749005E5454 /* LiveInjection1ViewController.swift in Sources */,
				A33E60C11DE7621C0065CBD8 /* CityViewController.swift in Sources */,
				B185A4E81DFA6FE200C3B85D /* GridCollectionViewController.swift in Sources */,
				A304BF8A1DF647FC00A03345 /* ImageCells.swift in Sources */,
				A313499B1E1E2AED00EB5139 /* ImageLibrary.swift in Sources */,
			);
			runOnlyForDeploymentPostprocessing = 0;
		};
/* End PBXSourcesBuildPhase section */

/* Begin PBXTargetDependency section */
		A306D3B81E1C7A2E00B6C23A /* PBXTargetDependency */ = {
			isa = PBXTargetDependency;
			target = A306D3B11E1C7A2E00B6C23A /* Hero */;
			targetProxy = A306D3B71E1C7A2E00B6C23A /* PBXContainerItemProxy */;
		};
/* End PBXTargetDependency section */

/* Begin PBXVariantGroup section */
		A306D3F91E1D7A7200B6C23A /* LiveInjection.storyboard */ = {
			isa = PBXVariantGroup;
			children = (
				A306D3FA1E1D7A7200B6C23A /* Base */,
			);
			name = LiveInjection.storyboard;
			sourceTree = "<group>";
		};
		A33E60A81DE761C90065CBD8 /* Main.storyboard */ = {
			isa = PBXVariantGroup;
			children = (
				A33E60A91DE761C90065CBD8 /* Base */,
			);
			name = Main.storyboard;
			sourceTree = "<group>";
		};
		A33E60AD1DE761C90065CBD8 /* LaunchScreen.storyboard */ = {
			isa = PBXVariantGroup;
			children = (
				A33E60AE1DE761C90065CBD8 /* Base */,
			);
			name = LaunchScreen.storyboard;
			sourceTree = "<group>";
		};
		A35949111E1A29800095F407 /* Basic.storyboard */ = {
			isa = PBXVariantGroup;
			children = (
				A35949121E1A29800095F407 /* Base */,
			);
			name = Basic.storyboard;
			path = ..;
			sourceTree = "<group>";
		};
		A35949141E1A2A6A0095F407 /* MusicPlayer.storyboard */ = {
			isa = PBXVariantGroup;
			children = (
				A35949151E1A2A6A0095F407 /* Base */,
			);
			name = MusicPlayer.storyboard;
			sourceTree = "<group>";
		};
		A35949191E1A31E20095F407 /* Menu.storyboard */ = {
			isa = PBXVariantGroup;
			children = (
				A359491A1E1A31E20095F407 /* Base */,
			);
			name = Menu.storyboard;
			sourceTree = "<group>";
		};
		A359491C1E1A325A0095F407 /* CityGuide.storyboard */ = {
			isa = PBXVariantGroup;
			children = (
				A359491D1E1A325A0095F407 /* Base */,
			);
			name = CityGuide.storyboard;
			path = ..;
			sourceTree = "<group>";
		};
		A359491F1E1A32C50095F407 /* ImageGallery.storyboard */ = {
			isa = PBXVariantGroup;
			children = (
				A35949201E1A32C50095F407 /* Base */,
			);
			name = ImageGallery.storyboard;
			sourceTree = "<group>";
		};
		A35949221E1A36D00095F407 /* ImageViewer.storyboard */ = {
			isa = PBXVariantGroup;
			children = (
				A35949231E1A36D00095F407 /* Base */,
			);
			name = ImageViewer.storyboard;
			path = ..;
			sourceTree = "<group>";
		};
		A35949251E1A384E0095F407 /* ListToGrid.storyboard */ = {
			isa = PBXVariantGroup;
			children = (
				A35949261E1A384E0095F407 /* Base */,
			);
			name = ListToGrid.storyboard;
			sourceTree = "<group>";
		};
		A35949281E1A39B30095F407 /* Debug.storyboard */ = {
			isa = PBXVariantGroup;
			children = (
				A35949291E1A39B30095F407 /* Base */,
			);
			name = Debug.storyboard;
			path = ..;
			sourceTree = "<group>";
		};
		A359492B1E1A39D00095F407 /* LabelTransform.storyboard */ = {
			isa = PBXVariantGroup;
			children = (
				A359492C1E1A39D00095F407 /* Base */,
			);
			name = LabelTransform.storyboard;
			path = ..;
			sourceTree = "<group>";
		};
/* End PBXVariantGroup section */

/* Begin XCBuildConfiguration section */
		A306D3BC1E1C7A2E00B6C23A /* Debug */ = {
			isa = XCBuildConfiguration;
			buildSettings = {
				CLANG_ENABLE_MODULES = YES;
				CODE_SIGN_IDENTITY = "";
				CURRENT_PROJECT_VERSION = 1;
				DEFINES_MODULE = YES;
				DEVELOPMENT_TEAM = 4VSEW78TKT;
				DYLIB_COMPATIBILITY_VERSION = 1;
				DYLIB_CURRENT_VERSION = 1;
				DYLIB_INSTALL_NAME_BASE = "@rpath";
				INFOPLIST_FILE = Hero/Info.plist;
				INSTALL_PATH = "$(LOCAL_LIBRARY_DIR)/Frameworks";
				IPHONEOS_DEPLOYMENT_TARGET = 8.0;
				LD_RUNPATH_SEARCH_PATHS = "$(inherited) @executable_path/Frameworks @loader_path/Frameworks";
				PRODUCT_BUNDLE_IDENTIFIER = com.lkzhao.Hero;
				PRODUCT_NAME = "$(TARGET_NAME)";
				SKIP_INSTALL = YES;
				SWIFT_OPTIMIZATION_LEVEL = "-Onone";
				SWIFT_VERSION = 3.0;
				TARGETED_DEVICE_FAMILY = "1,2";
				VERSIONING_SYSTEM = "apple-generic";
				VERSION_INFO_PREFIX = "";
			};
			name = Debug;
		};
		A306D3BD1E1C7A2E00B6C23A /* Release */ = {
			isa = XCBuildConfiguration;
			buildSettings = {
				CLANG_ENABLE_MODULES = YES;
				CODE_SIGN_IDENTITY = "";
				CURRENT_PROJECT_VERSION = 1;
				DEFINES_MODULE = YES;
				DEVELOPMENT_TEAM = 4VSEW78TKT;
				DYLIB_COMPATIBILITY_VERSION = 1;
				DYLIB_CURRENT_VERSION = 1;
				DYLIB_INSTALL_NAME_BASE = "@rpath";
				INFOPLIST_FILE = Hero/Info.plist;
				INSTALL_PATH = "$(LOCAL_LIBRARY_DIR)/Frameworks";
				IPHONEOS_DEPLOYMENT_TARGET = 8.0;
				LD_RUNPATH_SEARCH_PATHS = "$(inherited) @executable_path/Frameworks @loader_path/Frameworks";
				PRODUCT_BUNDLE_IDENTIFIER = com.lkzhao.Hero;
				PRODUCT_NAME = "$(TARGET_NAME)";
				SKIP_INSTALL = YES;
				SWIFT_VERSION = 3.0;
				TARGETED_DEVICE_FAMILY = "1,2";
				VERSIONING_SYSTEM = "apple-generic";
				VERSION_INFO_PREFIX = "";
			};
			name = Release;
		};
		A33E60B11DE761C90065CBD8 /* Debug */ = {
			isa = XCBuildConfiguration;
			buildSettings = {
				ALWAYS_SEARCH_USER_PATHS = NO;
				CLANG_ANALYZER_NONNULL = YES;
				CLANG_CXX_LANGUAGE_STANDARD = "gnu++0x";
				CLANG_CXX_LIBRARY = "libc++";
				CLANG_ENABLE_MODULES = YES;
				CLANG_ENABLE_OBJC_ARC = YES;
				CLANG_WARN_BOOL_CONVERSION = YES;
				CLANG_WARN_CONSTANT_CONVERSION = YES;
				CLANG_WARN_DIRECT_OBJC_ISA_USAGE = YES_ERROR;
				CLANG_WARN_DOCUMENTATION_COMMENTS = YES;
				CLANG_WARN_EMPTY_BODY = YES;
				CLANG_WARN_ENUM_CONVERSION = YES;
				CLANG_WARN_INFINITE_RECURSION = YES;
				CLANG_WARN_INT_CONVERSION = YES;
				CLANG_WARN_OBJC_ROOT_CLASS = YES_ERROR;
				CLANG_WARN_SUSPICIOUS_MOVE = YES;
				CLANG_WARN_SUSPICIOUS_MOVES = YES;
				CLANG_WARN_UNREACHABLE_CODE = YES;
				CLANG_WARN__DUPLICATE_METHOD_MATCH = YES;
				"CODE_SIGN_IDENTITY[sdk=iphoneos*]" = "iPhone Developer";
				COPY_PHASE_STRIP = NO;
				DEBUG_INFORMATION_FORMAT = dwarf;
				ENABLE_STRICT_OBJC_MSGSEND = YES;
				ENABLE_TESTABILITY = YES;
				GCC_C_LANGUAGE_STANDARD = gnu99;
				GCC_DYNAMIC_NO_PIC = NO;
				GCC_NO_COMMON_BLOCKS = YES;
				GCC_OPTIMIZATION_LEVEL = 0;
				GCC_PREPROCESSOR_DEFINITIONS = (
					"DEBUG=1",
					"$(inherited)",
				);
				GCC_WARN_64_TO_32_BIT_CONVERSION = YES;
				GCC_WARN_ABOUT_RETURN_TYPE = YES_ERROR;
				GCC_WARN_UNDECLARED_SELECTOR = YES;
				GCC_WARN_UNINITIALIZED_AUTOS = YES_AGGRESSIVE;
				GCC_WARN_UNUSED_FUNCTION = YES;
				GCC_WARN_UNUSED_VARIABLE = YES;
				IPHONEOS_DEPLOYMENT_TARGET = 10.0;
				MTL_ENABLE_DEBUG_INFO = YES;
				ONLY_ACTIVE_ARCH = YES;
				SDKROOT = iphoneos;
				SWIFT_ACTIVE_COMPILATION_CONDITIONS = DEBUG;
				SWIFT_OPTIMIZATION_LEVEL = "-Onone";
			};
			name = Debug;
		};
		A33E60B21DE761C90065CBD8 /* Release */ = {
			isa = XCBuildConfiguration;
			buildSettings = {
				ALWAYS_SEARCH_USER_PATHS = NO;
				CLANG_ANALYZER_NONNULL = YES;
				CLANG_CXX_LANGUAGE_STANDARD = "gnu++0x";
				CLANG_CXX_LIBRARY = "libc++";
				CLANG_ENABLE_MODULES = YES;
				CLANG_ENABLE_OBJC_ARC = YES;
				CLANG_WARN_BOOL_CONVERSION = YES;
				CLANG_WARN_CONSTANT_CONVERSION = YES;
				CLANG_WARN_DIRECT_OBJC_ISA_USAGE = YES_ERROR;
				CLANG_WARN_DOCUMENTATION_COMMENTS = YES;
				CLANG_WARN_EMPTY_BODY = YES;
				CLANG_WARN_ENUM_CONVERSION = YES;
				CLANG_WARN_INFINITE_RECURSION = YES;
				CLANG_WARN_INT_CONVERSION = YES;
				CLANG_WARN_OBJC_ROOT_CLASS = YES_ERROR;
				CLANG_WARN_SUSPICIOUS_MOVE = YES;
				CLANG_WARN_SUSPICIOUS_MOVES = YES;
				CLANG_WARN_UNREACHABLE_CODE = YES;
				CLANG_WARN__DUPLICATE_METHOD_MATCH = YES;
				"CODE_SIGN_IDENTITY[sdk=iphoneos*]" = "iPhone Developer";
				COPY_PHASE_STRIP = NO;
				DEBUG_INFORMATION_FORMAT = "dwarf-with-dsym";
				ENABLE_NS_ASSERTIONS = NO;
				ENABLE_STRICT_OBJC_MSGSEND = YES;
				GCC_C_LANGUAGE_STANDARD = gnu99;
				GCC_NO_COMMON_BLOCKS = YES;
				GCC_WARN_64_TO_32_BIT_CONVERSION = YES;
				GCC_WARN_ABOUT_RETURN_TYPE = YES_ERROR;
				GCC_WARN_UNDECLARED_SELECTOR = YES;
				GCC_WARN_UNINITIALIZED_AUTOS = YES_AGGRESSIVE;
				GCC_WARN_UNUSED_FUNCTION = YES;
				GCC_WARN_UNUSED_VARIABLE = YES;
				IPHONEOS_DEPLOYMENT_TARGET = 10.0;
				MTL_ENABLE_DEBUG_INFO = NO;
				SDKROOT = iphoneos;
				SWIFT_OPTIMIZATION_LEVEL = "-Owholemodule";
				VALIDATE_PRODUCT = YES;
			};
			name = Release;
		};
		A33E60B41DE761C90065CBD8 /* Debug */ = {
			isa = XCBuildConfiguration;
			baseConfigurationReference = 5CD4F09A588E81DA75C2BE38 /* Pods-HeroExamples.debug.xcconfig */;
			buildSettings = {
				ALWAYS_EMBED_SWIFT_STANDARD_LIBRARIES = YES;
				ASSETCATALOG_COMPILER_APPICON_NAME = AppIcon;
				DEVELOPMENT_TEAM = 4VSEW78TKT;
				INFOPLIST_FILE = HeroExamples/Info.plist;
				IPHONEOS_DEPLOYMENT_TARGET = 8.0;
				LD_RUNPATH_SEARCH_PATHS = "$(inherited) @executable_path/Frameworks";
				PRODUCT_BUNDLE_IDENTIFIER = com.lkzhao.HeroExamples;
				PRODUCT_NAME = "$(TARGET_NAME)";
				SWIFT_VERSION = 3.0;
				TARGETED_DEVICE_FAMILY = "1,2";
			};
			name = Debug;
		};
		A33E60B51DE761C90065CBD8 /* Release */ = {
			isa = XCBuildConfiguration;
			baseConfigurationReference = C377744CBFF1E24426E80F55 /* Pods-HeroExamples.release.xcconfig */;
			buildSettings = {
				ALWAYS_EMBED_SWIFT_STANDARD_LIBRARIES = YES;
				ASSETCATALOG_COMPILER_APPICON_NAME = AppIcon;
				DEVELOPMENT_TEAM = 4VSEW78TKT;
				INFOPLIST_FILE = HeroExamples/Info.plist;
				IPHONEOS_DEPLOYMENT_TARGET = 8.0;
				LD_RUNPATH_SEARCH_PATHS = "$(inherited) @executable_path/Frameworks";
				PRODUCT_BUNDLE_IDENTIFIER = com.lkzhao.HeroExamples;
				PRODUCT_NAME = "$(TARGET_NAME)";
				SWIFT_VERSION = 3.0;
				TARGETED_DEVICE_FAMILY = "1,2";
			};
			name = Release;
		};
/* End XCBuildConfiguration section */

/* Begin XCConfigurationList section */
		A306D3BE1E1C7A2E00B6C23A /* Build configuration list for PBXNativeTarget "Hero" */ = {
			isa = XCConfigurationList;
			buildConfigurations = (
				A306D3BC1E1C7A2E00B6C23A /* Debug */,
				A306D3BD1E1C7A2E00B6C23A /* Release */,
			);
			defaultConfigurationIsVisible = 0;
			defaultConfigurationName = Release;
		};
		A33E609C1DE761C90065CBD8 /* Build configuration list for PBXProject "HeroExamples" */ = {
			isa = XCConfigurationList;
			buildConfigurations = (
				A33E60B11DE761C90065CBD8 /* Debug */,
				A33E60B21DE761C90065CBD8 /* Release */,
			);
			defaultConfigurationIsVisible = 0;
			defaultConfigurationName = Release;
		};
		A33E60B31DE761C90065CBD8 /* Build configuration list for PBXNativeTarget "HeroExamples" */ = {
			isa = XCConfigurationList;
			buildConfigurations = (
				A33E60B41DE761C90065CBD8 /* Debug */,
				A33E60B51DE761C90065CBD8 /* Release */,
			);
			defaultConfigurationIsVisible = 0;
			defaultConfigurationName = Release;
		};
/* End XCConfigurationList section */
	};
	rootObject = A33E60991DE761C90065CBD8 /* Project object */;
}
